<?xml version="1.0" encoding="utf-8"?>
<Project ToolsVersion="4.0" xmlns="http://schemas.microsoft.com/developer/msbuild/2003">
  <ItemGroup>
    <Filter Include="源文件">
      <UniqueIdentifier>{4FC737F1-C7A5-4376-A066-2A32D752A2FF}</UniqueIdentifier>
      <Extensions>cpp;c;cc;cxx;def;odl;idl;hpj;bat;asm;asmx</Extensions>
    </Filter>
    <Filter Include="头文件">
      <UniqueIdentifier>{93995380-89BD-4b04-88EB-625FBE52EBFB}</UniqueIdentifier>
      <Extensions>h;hh;hpp;hxx;hm;inl;inc;ipp;xsd</Extensions>
    </Filter>
    <Filter Include="资源文件">
      <UniqueIdentifier>{67DA6AB6-F800-4c08-8B7A-83BB121AAD01}</UniqueIdentifier>
      <Extensions>rc;ico;cur;bmp;dlg;rc2;rct;bin;rgs;gif;jpg;jpeg;jpe;resx;tiff;tif;png;wav;mfcribbon-ms</Extensions>
    </Filter>
    <Filter Include="源文件\Scripts">
      <UniqueIdentifier>{e4181520-f1c5-46c7-9b33-c5f5cab3efeb}</UniqueIdentifier>
    </Filter>
    <Filter Include="头文件\Scripts">
      <UniqueIdentifier>{a56793f7-f5bb-47a6-bebe-d3d8a48afbb8}</UniqueIdentifier>
    </Filter>
    <Filter Include="源文件\Scenes">
      <UniqueIdentifier>{5147cbee-d8b8-495a-9a09-9121d42d1602}</UniqueIdentifier>
    </Filter>
    <Filter Include="头文件\Scenes">
      <UniqueIdentifier>{1796a993-bdb0-4e9a-aa97-b2cc213cd981}</UniqueIdentifier>
    </Filter>
  </ItemGroup>
  <ItemGroup>
    <ClCompile Include="Main.cpp">
      <Filter>源文件</Filter>
    </ClCompile>
    <ClCompile Include="CameraController.cpp">
      <Filter>源文件\Scripts</Filter>
    </ClCompile>
    <ClCompile Include="ConsoleBar.cpp">
      <Filter>源文件\Scripts</Filter>
    </ClCompile>
    <ClCompile Include="PostProcess.cpp">
      <Filter>源文件\Scripts</Filter>
    </ClCompile>
    <ClCompile Include="SampleScene.cpp">
      <Filter>源文件\Scenes</Filter>
    </ClCompile>
    <ClCompile Include="PointLightScene.cpp">
      <Filter>源文件\Scenes</Filter>
    </ClCompile>
    <ClCompile Include="ProjectSetting.cpp">
      <Filter>源文件\Scenes</Filter>
    </ClCompile>
    <ClCompile Include="GaussianBlur.cpp">
      <Filter>源文件\Scripts</Filter>
    </ClCompile>
    <ClCompile Include="PhysiceTestScene.cpp">
      <Filter>源文件\Scenes</Filter>
    </ClCompile>
    <ClCompile Include="pch.cpp">
      <Filter>源文件</Filter>
    </ClCompile>
    <ClCompile Include="RayMarching.cpp">
      <Filter>源文件</Filter>
    </ClCompile>
    <ClCompile Include="ToonShaderTestScene.cpp">
      <Filter>源文件</Filter>
    </ClCompile>
  </ItemGroup>
  <ItemGroup>
    <ClInclude Include="CameraController.h">
      <Filter>头文件\Scripts</Filter>
    </ClInclude>
    <ClInclude Include="ChildGameObject.h">
      <Filter>头文件\Scripts</Filter>
    </ClInclude>
    <ClInclude Include="ConsoleBar.h">
      <Filter>头文件\Scripts</Filter>
    </ClInclude>
    <ClInclude Include="FatherGameObject.h">
      <Filter>头文件\Scripts</Filter>
    </ClInclude>
    <ClInclude Include="GaussianBlur.h">
      <Filter>头文件\Scripts</Filter>
    </ClInclude>
    <ClInclude Include="PostProcess.h">
      <Filter>头文件\Scripts</Filter>
    </ClInclude>
    <ClInclude Include="IConsoleBarScriptBehaviour.hpp">
      <Filter>头文件\Scripts</Filter>
    </ClInclude>
    <ClInclude Include="SampleScene.h">
      <Filter>头文件\Scenes</Filter>
    </ClInclude>
    <ClInclude Include="PointLightScene.h">
      <Filter>头文件\Scenes</Filter>
    </ClInclude>
    <ClInclude Include="ProjectSetting.h">
      <Filter>头文件\Scenes</Filter>
    </ClInclude>
    <ClInclude Include="PhysiceTestScene.h">
      <Filter>头文件\Scenes</Filter>
    </ClInclude>
    <ClInclude Include="pch.h">
      <Filter>头文件</Filter>
    </ClInclude>
    <ClInclude Include="RigidbodyController.h">
      <Filter>头文件</Filter>
    </ClInclude>
    <ClInclude Include="RayMarching.h">
      <Filter>头文件</Filter>
    </ClInclude>
    <ClInclude Include="ToonShaderTestScene.h">
      <Filter>头文件</Filter>
    </ClInclude>
  </ItemGroup>
</Project>