<?xml version="1.0" encoding="utf-8"?>
<Project ToolsVersion="4.0" xmlns="http://schemas.microsoft.com/developer/msbuild/2003">
  <ItemGroup>
    <Filter Include="源文件">
      <UniqueIdentifier>{4FC737F1-C7A5-4376-A066-2A32D752A2FF}</UniqueIdentifier>
      <Extensions>cpp;c;cc;cxx;c++;cppm;ixx;def;odl;idl;hpj;bat;asm;asmx</Extensions>
    </Filter>
    <Filter Include="头文件">
      <UniqueIdentifier>{93995380-89BD-4b04-88EB-625FBE52EBFB}</UniqueIdentifier>
      <Extensions>h;hh;hpp;hxx;h++;hm;inl;inc;ipp;xsd</Extensions>
    </Filter>
    <Filter Include="资源文件">
      <UniqueIdentifier>{67DA6AB6-F800-4c08-8B7A-83BB121AAD01}</UniqueIdentifier>
      <Extensions>rc;ico;cur;bmp;dlg;rc2;rct;bin;rgs;gif;jpg;jpeg;jpe;resx;tiff;tif;png;wav;mfcribbon-ms</Extensions>
    </Filter>
    <Filter Include="头文件\Calculate">
      <UniqueIdentifier>{c1cfcf12-0401-4b6c-a0ac-1baefcd4725a}</UniqueIdentifier>
    </Filter>
    <Filter Include="头文件\GameSystem">
      <UniqueIdentifier>{2b87d8b0-ad3c-4681-9942-aacbd8064471}</UniqueIdentifier>
    </Filter>
    <Filter Include="头文件\GameSystem\Component">
      <UniqueIdentifier>{9d6ced7c-2fbe-4154-a95f-b2c7be158995}</UniqueIdentifier>
    </Filter>
    <Filter Include="头文件\Library">
      <UniqueIdentifier>{660b85e6-b60c-4811-bb6f-7ea8defc0c68}</UniqueIdentifier>
    </Filter>
    <Filter Include="头文件\Manager">
      <UniqueIdentifier>{fb0ea541-c0a8-4bfa-84ac-3b4b611fce52}</UniqueIdentifier>
    </Filter>
    <Filter Include="头文件\ResourceObjects">
      <UniqueIdentifier>{98839ac2-ceea-4216-8468-1e202d153439}</UniqueIdentifier>
    </Filter>
    <Filter Include="头文件\ResourceObjects\GL_BufferStruct">
      <UniqueIdentifier>{7c48fe67-4bd1-49d7-862d-660c19275fc1}</UniqueIdentifier>
    </Filter>
    <Filter Include="源文件\ResourceObjects">
      <UniqueIdentifier>{26d6d989-b561-4fd1-8c4d-a18acf81ae91}</UniqueIdentifier>
    </Filter>
    <Filter Include="源文件\ResourceObjects\GL_BufferStruct">
      <UniqueIdentifier>{862a9e56-88fb-4f34-8886-804520b55f17}</UniqueIdentifier>
    </Filter>
    <Filter Include="源文件\Calculate">
      <UniqueIdentifier>{256956e8-8405-44d4-8a83-d9a125647ddc}</UniqueIdentifier>
    </Filter>
    <Filter Include="源文件\GameSystem">
      <UniqueIdentifier>{5dc97acb-dee8-453f-a96e-d9a4f18dcf6d}</UniqueIdentifier>
    </Filter>
    <Filter Include="源文件\GameSystem\Component">
      <UniqueIdentifier>{db9831a6-6a1d-4073-aad8-424d96bf990b}</UniqueIdentifier>
    </Filter>
    <Filter Include="源文件\Library">
      <UniqueIdentifier>{8c9abb76-ea2a-448f-bd51-c1dbabd13d83}</UniqueIdentifier>
    </Filter>
    <Filter Include="源文件\Manager">
      <UniqueIdentifier>{1a39092a-aee1-4dec-a63a-991ad22f68b3}</UniqueIdentifier>
    </Filter>
  </ItemGroup>
  <ItemGroup>
    <ClInclude Include="pch.h">
      <Filter>头文件</Filter>
    </ClInclude>
    <ClInclude Include="Color.h">
      <Filter>头文件\Calculate</Filter>
    </ClInclude>
    <ClInclude Include="List.hpp">
      <Filter>头文件\Calculate</Filter>
    </ClInclude>
    <ClInclude Include="Math.h">
      <Filter>头文件\Calculate</Filter>
    </ClInclude>
    <ClInclude Include="Tuple.hpp">
      <Filter>头文件\Calculate</Filter>
    </ClInclude>
    <ClInclude Include="Physics.h">
      <Filter>头文件\GameSystem</Filter>
    </ClInclude>
    <ClInclude Include="GameObject.h">
      <Filter>头文件\GameSystem</Filter>
    </ClInclude>
    <ClInclude Include="GameSystem.h">
      <Filter>头文件\GameSystem</Filter>
    </ClInclude>
    <ClInclude Include="InputSystem.h">
      <Filter>头文件\GameSystem</Filter>
    </ClInclude>
    <ClInclude Include="Scene.h">
      <Filter>头文件\GameSystem</Filter>
    </ClInclude>
    <ClInclude Include="Time.h">
      <Filter>头文件\GameSystem</Filter>
    </ClInclude>
    <ClInclude Include="BoxCollider.h">
      <Filter>头文件\GameSystem\Component</Filter>
    </ClInclude>
    <ClInclude Include="Collider.h">
      <Filter>头文件\GameSystem\Component</Filter>
    </ClInclude>
    <ClInclude Include="Rigidbody.h">
      <Filter>头文件\GameSystem\Component</Filter>
    </ClInclude>
    <ClInclude Include="Behaviour.h">
      <Filter>头文件\GameSystem\Component</Filter>
    </ClInclude>
    <ClInclude Include="Camera.h">
      <Filter>头文件\GameSystem\Component</Filter>
    </ClInclude>
    <ClInclude Include="Component.h">
      <Filter>头文件\GameSystem\Component</Filter>
    </ClInclude>
    <ClInclude Include="Light.h">
      <Filter>头文件\GameSystem\Component</Filter>
    </ClInclude>
    <ClInclude Include="Renderer.h">
      <Filter>头文件\GameSystem\Component</Filter>
    </ClInclude>
    <ClInclude Include="ScriptBehaviour.h">
      <Filter>头文件\GameSystem\Component</Filter>
    </ClInclude>
    <ClInclude Include="Transform.h">
      <Filter>头文件\GameSystem\Component</Filter>
    </ClInclude>
    <ClInclude Include="json.hpp">
      <Filter>头文件\Library</Filter>
    </ClInclude>
    <ClInclude Include="SceneManager.h">
      <Filter>头文件\Manager</Filter>
    </ClInclude>
    <ClInclude Include="UniformManager.h">
      <Filter>头文件\Manager</Filter>
    </ClInclude>
    <ClInclude Include="ModelImporter.h">
      <Filter>头文件\ResourceObjects</Filter>
    </ClInclude>
    <ClInclude Include="Material.h">
      <Filter>头文件\ResourceObjects</Filter>
    </ClInclude>
    <ClInclude Include="Mesh.h">
      <Filter>头文件\ResourceObjects</Filter>
    </ClInclude>
    <ClInclude Include="RenderTexture.h">
      <Filter>头文件\ResourceObjects</Filter>
    </ClInclude>
    <ClInclude Include="ResourceObject.h">
      <Filter>头文件\ResourceObjects</Filter>
    </ClInclude>
    <ClInclude Include="Shader.h">
      <Filter>头文件\ResourceObjects</Filter>
    </ClInclude>
    <ClInclude Include="Skybox.h">
      <Filter>头文件\ResourceObjects</Filter>
    </ClInclude>
    <ClInclude Include="Texture.h">
      <Filter>头文件\ResourceObjects</Filter>
    </ClInclude>
    <ClInclude Include="UniformBufferObject.h">
      <Filter>头文件\ResourceObjects</Filter>
    </ClInclude>
    <ClInclude Include="BufferObject.h">
      <Filter>头文件\ResourceObjects\GL_BufferStruct</Filter>
    </ClInclude>
    <ClInclude Include="VertexArrays.h">
      <Filter>头文件\ResourceObjects\GL_BufferStruct</Filter>
    </ClInclude>
    <ClInclude Include="OpenGL_CoreCommon.h">
      <Filter>头文件</Filter>
    </ClInclude>
    <ClInclude Include="CollisionObject.h">
      <Filter>头文件\GameSystem\Component</Filter>
    </ClInclude>
    <ClInclude Include="CharacterController.h">
      <Filter>头文件</Filter>
    </ClInclude>
    <ClInclude Include="CapsuleCollider.h">
      <Filter>头文件</Filter>
    </ClInclude>
    <ClInclude Include="Graphics.h">
      <Filter>头文件</Filter>
    </ClInclude>
  </ItemGroup>
  <ItemGroup>
    <ClCompile Include="pch.cpp">
      <Filter>源文件</Filter>
    </ClCompile>
    <ClCompile Include="Material.cpp">
      <Filter>源文件\ResourceObjects</Filter>
    </ClCompile>
    <ClCompile Include="ModelImporter.cpp">
      <Filter>源文件\ResourceObjects</Filter>
    </ClCompile>
    <ClCompile Include="Mesh.cpp">
      <Filter>源文件\ResourceObjects</Filter>
    </ClCompile>
    <ClCompile Include="RenderTexture.cpp">
      <Filter>源文件\ResourceObjects</Filter>
    </ClCompile>
    <ClCompile Include="ResourceObject.cpp">
      <Filter>源文件\ResourceObjects</Filter>
    </ClCompile>
    <ClCompile Include="Shader.cpp">
      <Filter>源文件\ResourceObjects</Filter>
    </ClCompile>
    <ClCompile Include="Skybox.cpp">
      <Filter>源文件\ResourceObjects</Filter>
    </ClCompile>
    <ClCompile Include="Texture.cpp">
      <Filter>源文件\ResourceObjects</Filter>
    </ClCompile>
    <ClCompile Include="BufferObject.cpp">
      <Filter>源文件\ResourceObjects\GL_BufferStruct</Filter>
    </ClCompile>
    <ClCompile Include="VertexArrays.cpp">
      <Filter>源文件\ResourceObjects\GL_BufferStruct</Filter>
    </ClCompile>
    <ClCompile Include="Color.cpp">
      <Filter>源文件\Calculate</Filter>
    </ClCompile>
    <ClCompile Include="Math.cpp">
      <Filter>源文件\Calculate</Filter>
    </ClCompile>
    <ClCompile Include="Physics.cpp">
      <Filter>源文件\GameSystem</Filter>
    </ClCompile>
    <ClCompile Include="GameObject.cpp">
      <Filter>源文件\GameSystem</Filter>
    </ClCompile>
    <ClCompile Include="GameSystem.cpp">
      <Filter>源文件\GameSystem</Filter>
    </ClCompile>
    <ClCompile Include="InputSystem.cpp">
      <Filter>源文件\GameSystem</Filter>
    </ClCompile>
    <ClCompile Include="Scene.cpp">
      <Filter>源文件\GameSystem</Filter>
    </ClCompile>
    <ClCompile Include="Time.cpp">
      <Filter>源文件\GameSystem</Filter>
    </ClCompile>
    <ClCompile Include="BoxCollider.cpp">
      <Filter>源文件\GameSystem\Component</Filter>
    </ClCompile>
    <ClCompile Include="Collider.cpp">
      <Filter>源文件\GameSystem\Component</Filter>
    </ClCompile>
    <ClCompile Include="Rigidbody.cpp">
      <Filter>源文件\GameSystem\Component</Filter>
    </ClCompile>
    <ClCompile Include="Behaviour.cpp">
      <Filter>源文件\GameSystem\Component</Filter>
    </ClCompile>
    <ClCompile Include="Camera.cpp">
      <Filter>源文件\GameSystem\Component</Filter>
    </ClCompile>
    <ClCompile Include="Component.cpp">
      <Filter>源文件\GameSystem\Component</Filter>
    </ClCompile>
    <ClCompile Include="Light.cpp">
      <Filter>源文件\GameSystem\Component</Filter>
    </ClCompile>
    <ClCompile Include="Renderer.cpp">
      <Filter>源文件\GameSystem\Component</Filter>
    </ClCompile>
    <ClCompile Include="ScriptBehaviour.cpp">
      <Filter>源文件\GameSystem\Component</Filter>
    </ClCompile>
    <ClCompile Include="Transform.cpp">
      <Filter>源文件\GameSystem\Component</Filter>
    </ClCompile>
    <ClCompile Include="SceneManager.cpp">
      <Filter>源文件\Manager</Filter>
    </ClCompile>
    <ClCompile Include="UniformManager.cpp">
      <Filter>源文件\Manager</Filter>
    </ClCompile>
    <ClCompile Include="CollisionObject.cpp">
      <Filter>源文件\GameSystem\Component</Filter>
    </ClCompile>
    <ClCompile Include="CharacterController.cpp">
      <Filter>源文件</Filter>
    </ClCompile>
    <ClCompile Include="CapsuleCollider.cpp">
      <Filter>源文件</Filter>
    </ClCompile>
    <ClCompile Include="Graphics.cpp">
      <Filter>源文件</Filter>
    </ClCompile>
  </ItemGroup>
</Project>