<?xml version="1.0" encoding="utf-8"?>
<Project ToolsVersion="4.0" xmlns="http://schemas.microsoft.com/developer/msbuild/2003">
  <ItemGroup>
    <Filter Include="源文件">
      <UniqueIdentifier>{4FC737F1-C7A5-4376-A066-2A32D752A2FF}</UniqueIdentifier>
      <Extensions>cpp;c;cc;cxx;c++;cppm;ixx;def;odl;idl;hpj;bat;asm;asmx</Extensions>
    </Filter>
    <Filter Include="头文件">
      <UniqueIdentifier>{93995380-89BD-4b04-88EB-625FBE52EBFB}</UniqueIdentifier>
      <Extensions>h;hh;hpp;hxx;h++;hm;inl;inc;ipp;xsd</Extensions>
    </Filter>
    <Filter Include="资源文件">
      <UniqueIdentifier>{67DA6AB6-F800-4c08-8B7A-83BB121AAD01}</UniqueIdentifier>
      <Extensions>rc;ico;cur;bmp;dlg;rc2;rct;bin;rgs;gif;jpg;jpeg;jpe;resx;tiff;tif;png;wav;mfcribbon-ms</Extensions>
    </Filter>
    <Filter Include="源文件\Calculate">
      <UniqueIdentifier>{794e9ff7-b26d-4ed2-b6d4-fce4b605d434}</UniqueIdentifier>
    </Filter>
    <Filter Include="源文件\GameSystem">
      <UniqueIdentifier>{94f96ebb-7c20-479c-9744-b187ab391f18}</UniqueIdentifier>
    </Filter>
    <Filter Include="源文件\GameSystem\Component">
      <UniqueIdentifier>{54429ab9-3c28-4463-abf6-cc06deb8dbf4}</UniqueIdentifier>
    </Filter>
    <Filter Include="源文件\Library">
      <UniqueIdentifier>{951b4622-0038-4782-94a3-ebaecf69ab80}</UniqueIdentifier>
    </Filter>
    <Filter Include="源文件\Library\Imgui">
      <UniqueIdentifier>{dd097016-9aa6-48f5-bfc8-b5c1989e09f6}</UniqueIdentifier>
    </Filter>
    <Filter Include="源文件\Manager">
      <UniqueIdentifier>{4b7b8aed-b4d0-4a54-85f3-e34e8c3e3ffa}</UniqueIdentifier>
    </Filter>
    <Filter Include="源文件\ResourceObjects">
      <UniqueIdentifier>{7fa4fe56-9687-4d28-b7c2-786da47f27bb}</UniqueIdentifier>
    </Filter>
    <Filter Include="源文件\ResourceObjects\GL_BufferStruct">
      <UniqueIdentifier>{b60cd3ca-bb24-4633-a74f-7a82c9e5952e}</UniqueIdentifier>
    </Filter>
    <Filter Include="头文件\Calculate">
      <UniqueIdentifier>{78748b8e-1291-4f6d-9b83-8603c41c3a07}</UniqueIdentifier>
    </Filter>
    <Filter Include="头文件\GameSystem">
      <UniqueIdentifier>{a45673d6-cfd6-42f1-b7cd-b34a41e25b8b}</UniqueIdentifier>
    </Filter>
    <Filter Include="头文件\GameSystem\Component">
      <UniqueIdentifier>{d2fb83c3-66be-4097-8176-52c376cc3b75}</UniqueIdentifier>
    </Filter>
    <Filter Include="头文件\Library">
      <UniqueIdentifier>{79c10f74-8acf-4cef-ad00-6f7e23f27c55}</UniqueIdentifier>
    </Filter>
    <Filter Include="头文件\Library\Imgui">
      <UniqueIdentifier>{2de22dee-6cd1-42f7-9caa-45995cddc54e}</UniqueIdentifier>
    </Filter>
    <Filter Include="头文件\Manager">
      <UniqueIdentifier>{b2e328cf-ac88-425e-a1fc-4af76dcccc03}</UniqueIdentifier>
    </Filter>
    <Filter Include="头文件\ResourceObjects">
      <UniqueIdentifier>{3926b1a0-1fd5-4bc9-80df-e2efc3a0b5d0}</UniqueIdentifier>
    </Filter>
    <Filter Include="头文件\ResourceObjects\GL_BufferStruct">
      <UniqueIdentifier>{2758350a-01a4-4e3d-bd60-3ede24a9f704}</UniqueIdentifier>
    </Filter>
    <Filter Include="源文件\Scripts">
      <UniqueIdentifier>{2813bc63-9678-46a3-bb9f-fa46d8632f15}</UniqueIdentifier>
    </Filter>
    <Filter Include="头文件\Scripts">
      <UniqueIdentifier>{1cb2b0db-3ad6-4c72-92d1-b3995bde674b}</UniqueIdentifier>
    </Filter>
  </ItemGroup>
  <ItemGroup>
    <ClCompile Include="List.cpp">
      <Filter>源文件\Calculate</Filter>
    </ClCompile>
    <ClCompile Include="Math.cpp">
      <Filter>源文件\Calculate</Filter>
    </ClCompile>
    <ClCompile Include="GameObject.cpp">
      <Filter>源文件\GameSystem</Filter>
    </ClCompile>
    <ClCompile Include="GameSystem.cpp">
      <Filter>源文件\GameSystem</Filter>
    </ClCompile>
    <ClCompile Include="InputSystem.cpp">
      <Filter>源文件\GameSystem</Filter>
    </ClCompile>
    <ClCompile Include="Scene.cpp">
      <Filter>源文件\GameSystem</Filter>
    </ClCompile>
    <ClCompile Include="Time.cpp">
      <Filter>源文件\GameSystem</Filter>
    </ClCompile>
    <ClCompile Include="Camera.cpp">
      <Filter>源文件\GameSystem\Component</Filter>
    </ClCompile>
    <ClCompile Include="Component.cpp">
      <Filter>源文件\GameSystem\Component</Filter>
    </ClCompile>
    <ClCompile Include="Renderer.cpp">
      <Filter>源文件\GameSystem\Component</Filter>
    </ClCompile>
    <ClCompile Include="Transform.cpp">
      <Filter>源文件\GameSystem\Component</Filter>
    </ClCompile>
    <ClCompile Include="Light.cpp">
      <Filter>源文件\GameSystem\Component</Filter>
    </ClCompile>
    <ClCompile Include="AssimpImporter.cpp">
      <Filter>源文件\Library</Filter>
    </ClCompile>
    <ClCompile Include="glad.c">
      <Filter>源文件\Library</Filter>
    </ClCompile>
    <ClCompile Include="Imgui\imgui.cpp">
      <Filter>源文件\Library\Imgui</Filter>
    </ClCompile>
    <ClCompile Include="Imgui\imgui_demo.cpp">
      <Filter>源文件\Library\Imgui</Filter>
    </ClCompile>
    <ClCompile Include="Imgui\imgui_draw.cpp">
      <Filter>源文件\Library\Imgui</Filter>
    </ClCompile>
    <ClCompile Include="Imgui\imgui_impl_glfw.cpp">
      <Filter>源文件\Library\Imgui</Filter>
    </ClCompile>
    <ClCompile Include="Imgui\imgui_impl_opengl3.cpp">
      <Filter>源文件\Library\Imgui</Filter>
    </ClCompile>
    <ClCompile Include="Imgui\imgui_widgets.cpp">
      <Filter>源文件\Library\Imgui</Filter>
    </ClCompile>
    <ClCompile Include="SceneManager.cpp">
      <Filter>源文件\Manager</Filter>
    </ClCompile>
    <ClCompile Include="UniformManager.cpp">
      <Filter>源文件\Manager</Filter>
    </ClCompile>
    <ClCompile Include="Mesh.cpp">
      <Filter>源文件\ResourceObjects</Filter>
    </ClCompile>
    <ClCompile Include="ResourceObject.cpp">
      <Filter>源文件\ResourceObjects</Filter>
    </ClCompile>
    <ClCompile Include="RenderTexture.cpp">
      <Filter>源文件\ResourceObjects</Filter>
    </ClCompile>
    <ClCompile Include="Shader.cpp">
      <Filter>源文件\ResourceObjects</Filter>
    </ClCompile>
    <ClCompile Include="Skybox.cpp">
      <Filter>源文件\ResourceObjects</Filter>
    </ClCompile>
    <ClCompile Include="Texture.cpp">
      <Filter>源文件\ResourceObjects</Filter>
    </ClCompile>
    <ClCompile Include="BufferObject.cpp">
      <Filter>源文件\ResourceObjects\GL_BufferStruct</Filter>
    </ClCompile>
    <ClCompile Include="VertexArrays.cpp">
      <Filter>源文件\ResourceObjects\GL_BufferStruct</Filter>
    </ClCompile>
    <ClCompile Include="CameraController.cpp">
      <Filter>源文件\Scripts</Filter>
    </ClCompile>
    <ClCompile Include="PointLightScene.cpp">
      <Filter>源文件\Scripts</Filter>
    </ClCompile>
    <ClCompile Include="SampleScene.cpp">
      <Filter>源文件\Scripts</Filter>
    </ClCompile>
  </ItemGroup>
  <ItemGroup>
    <ClInclude Include="Color.hpp">
      <Filter>头文件\Calculate</Filter>
    </ClInclude>
    <ClInclude Include="List.h">
      <Filter>头文件\Calculate</Filter>
    </ClInclude>
    <ClInclude Include="Math.h">
      <Filter>头文件\Calculate</Filter>
    </ClInclude>
    <ClInclude Include="Tuple.h">
      <Filter>头文件\Calculate</Filter>
    </ClInclude>
    <ClInclude Include="GameObject.h">
      <Filter>头文件\GameSystem</Filter>
    </ClInclude>
    <ClInclude Include="GameSystem.h">
      <Filter>头文件\GameSystem</Filter>
    </ClInclude>
    <ClInclude Include="InputSystem.h">
      <Filter>头文件\GameSystem</Filter>
    </ClInclude>
    <ClInclude Include="Scene.h">
      <Filter>头文件\GameSystem</Filter>
    </ClInclude>
    <ClInclude Include="Time.h">
      <Filter>头文件\GameSystem</Filter>
    </ClInclude>
    <ClInclude Include="Behaviour.h">
      <Filter>头文件\GameSystem\Component</Filter>
    </ClInclude>
    <ClInclude Include="Camera.h">
      <Filter>头文件\GameSystem\Component</Filter>
    </ClInclude>
    <ClInclude Include="Component.h">
      <Filter>头文件\GameSystem\Component</Filter>
    </ClInclude>
    <ClInclude Include="Renderer.h">
      <Filter>头文件\GameSystem\Component</Filter>
    </ClInclude>
    <ClInclude Include="ScriptBehaviour.h">
      <Filter>头文件\GameSystem\Component</Filter>
    </ClInclude>
    <ClInclude Include="Transform.h">
      <Filter>头文件\GameSystem\Component</Filter>
    </ClInclude>
    <ClInclude Include="Light.h">
      <Filter>头文件\GameSystem\Component</Filter>
    </ClInclude>
    <ClInclude Include="AssimpImporter.h">
      <Filter>头文件\Library</Filter>
    </ClInclude>
    <ClInclude Include="json.hpp">
      <Filter>头文件\Library</Filter>
    </ClInclude>
    <ClInclude Include="Imgui\imconfig.h">
      <Filter>头文件\Library\Imgui</Filter>
    </ClInclude>
    <ClInclude Include="Imgui\imgui.h">
      <Filter>头文件\Library\Imgui</Filter>
    </ClInclude>
    <ClInclude Include="Imgui\imgui_impl_glfw.h">
      <Filter>头文件\Library\Imgui</Filter>
    </ClInclude>
    <ClInclude Include="Imgui\imgui_impl_opengl3.h">
      <Filter>头文件\Library\Imgui</Filter>
    </ClInclude>
    <ClInclude Include="Imgui\imgui_internal.h">
      <Filter>头文件\Library\Imgui</Filter>
    </ClInclude>
    <ClInclude Include="Imgui\imstb_rectpack.h">
      <Filter>头文件\Library\Imgui</Filter>
    </ClInclude>
    <ClInclude Include="Imgui\imstb_textedit.h">
      <Filter>头文件\Library\Imgui</Filter>
    </ClInclude>
    <ClInclude Include="Imgui\imstb_truetype.h">
      <Filter>头文件\Library\Imgui</Filter>
    </ClInclude>
    <ClInclude Include="SceneManager.h">
      <Filter>头文件\Manager</Filter>
    </ClInclude>
    <ClInclude Include="UniformManager.h">
      <Filter>头文件\Manager</Filter>
    </ClInclude>
    <ClInclude Include="Material.h">
      <Filter>头文件\ResourceObjects</Filter>
    </ClInclude>
    <ClInclude Include="Mesh.h">
      <Filter>头文件\ResourceObjects</Filter>
    </ClInclude>
    <ClInclude Include="ResourceObject.h">
      <Filter>头文件\ResourceObjects</Filter>
    </ClInclude>
    <ClInclude Include="RenderTexture.h">
      <Filter>头文件\ResourceObjects</Filter>
    </ClInclude>
    <ClInclude Include="Shader.h">
      <Filter>头文件\ResourceObjects</Filter>
    </ClInclude>
    <ClInclude Include="Skybox.h">
      <Filter>头文件\ResourceObjects</Filter>
    </ClInclude>
    <ClInclude Include="Texture.h">
      <Filter>头文件\ResourceObjects</Filter>
    </ClInclude>
    <ClInclude Include="UniformBufferObject.h">
      <Filter>头文件\ResourceObjects</Filter>
    </ClInclude>
    <ClInclude Include="BufferObject.h">
      <Filter>头文件\ResourceObjects\GL_BufferStruct</Filter>
    </ClInclude>
    <ClInclude Include="VertexArrays.h">
      <Filter>头文件\ResourceObjects\GL_BufferStruct</Filter>
    </ClInclude>
    <ClInclude Include="CameraController.h">
      <Filter>头文件\Scripts</Filter>
    </ClInclude>
    <ClInclude Include="ChildGameObject.h">
      <Filter>头文件\Scripts</Filter>
    </ClInclude>
    <ClInclude Include="ConsoleBar.h">
      <Filter>头文件\Scripts</Filter>
    </ClInclude>
    <ClInclude Include="FatherGameObject.h">
      <Filter>头文件\Scripts</Filter>
    </ClInclude>
    <ClInclude Include="GaussianBlur.h">
      <Filter>头文件\Scripts</Filter>
    </ClInclude>
    <ClInclude Include="PointLightScene.h">
      <Filter>头文件\Scripts</Filter>
    </ClInclude>
    <ClInclude Include="PostProcess.h">
      <Filter>头文件\Scripts</Filter>
    </ClInclude>
    <ClInclude Include="SampleScene.h">
      <Filter>头文件\Scripts</Filter>
    </ClInclude>
  </ItemGroup>
</Project>